<?xml version="1.0" encoding="utf-8"?>
<Project ToolsVersion="4.0" xmlns="http://schemas.microsoft.com/developer/msbuild/2003">
  <ItemGroup>
    <Filter Include="src">
      <UniqueIdentifier>{0ab9f8ba-585b-4eee-86e8-5543adbb6ba6}</UniqueIdentifier>
    </Filter>
    <Filter Include="headers">
      <UniqueIdentifier>{756cb2e0-f283-4a20-8b02-0c6003b46a4a}</UniqueIdentifier>
    </Filter>
    <Filter Include="deps">
      <UniqueIdentifier>{92f9cbb9-231a-4d52-a7ae-e52167ed3dbb}</UniqueIdentifier>
    </Filter>
    <Filter Include="deps\net">
      <UniqueIdentifier>{6ec8e4c9-1a54-4692-b412-eecd240a8363}</UniqueIdentifier>
    </Filter>
    <Filter Include="deps\redisclient">
      <UniqueIdentifier>{4b03b909-6768-41c0-8616-45f61d197fec}</UniqueIdentifier>
    </Filter>
    <Filter Include="deps\redisclient\impl">
      <UniqueIdentifier>{85205969-84a3-42fd-95ae-563ba312c62e}</UniqueIdentifier>
    </Filter>
  </ItemGroup>
  <ItemGroup>
    <ClCompile Include="src\main.cpp">
      <Filter>src</Filter>
    </ClCompile>
    <ClCompile Include="src\server.cpp">
      <Filter>src</Filter>
    </ClCompile>
    <ClCompile Include="src\client.cpp">
      <Filter>src</Filter>
    </ClCompile>
    <ClCompile Include="src\redisclient\impl\redisasyncclient.cpp">
      <Filter>deps\redisclient\impl</Filter>
    </ClCompile>
    <ClCompile Include="src\redisclient\impl\redisclientimpl.cpp">
      <Filter>deps\redisclient\impl</Filter>
    </ClCompile>
    <ClCompile Include="src\redisclient\impl\redisparser.cpp">
      <Filter>deps\redisclient\impl</Filter>
    </ClCompile>
    <ClCompile Include="src\redisclient\impl\redissyncclient.cpp">
      <Filter>deps\redisclient\impl</Filter>
    </ClCompile>
    <ClCompile Include="src\redisclient\impl\redisvalue.cpp">
      <Filter>deps\redisclient\impl</Filter>
    </ClCompile>
    <ClCompile Include="src\net\socket.cpp">
      <Filter>deps\net</Filter>
    </ClCompile>
    <ClCompile Include="src\net\net_handler.cpp">
      <Filter>deps\net</Filter>
    </ClCompile>
    <ClCompile Include="src\map.cpp">
      <Filter>src</Filter>
    </ClCompile>
    <ClCompile Include="src\gserver.cpp">
      <Filter>src</Filter>
    </ClCompile>
    <ClCompile Include="src\lserver.cpp">
      <Filter>src</Filter>
    </ClCompile>
    <ClCompile Include="src\chat_handler.cpp">
      <Filter>src</Filter>
    </ClCompile>
    <ClCompile Include="src\party.cpp">
      <Filter>src</Filter>
    </ClCompile>
    <ClCompile Include="src\party_mgr.cpp">
      <Filter>src</Filter>
    </ClCompile>
    <ClCompile Include="src\unit.cpp">
      <Filter>src</Filter>
    </ClCompile>
    <ClCompile Include="src\tile.cpp">
      <Filter>src</Filter>
    </ClCompile>
    <ClCompile Include="src\npc.cpp">
      <Filter>src</Filter>
    </ClCompile>
    <ClCompile Include="src\magic.cpp">
      <Filter>src</Filter>
    </ClCompile>
    <ClCompile Include="src\item.cpp">
      <Filter>src</Filter>
    </ClCompile>
    <ClCompile Include="src\dropmanager.cpp">
      <Filter>src</Filter>
    </ClCompile>
    <ClCompile Include="src\guild.cpp">
      <Filter>src</Filter>
    </ClCompile>
    <ClCompile Include="src\inventory.cpp">
      <Filter>src</Filter>
    </ClCompile>
    <ClCompile Include="src\inventory_mgr.cpp">
      <Filter>src</Filter>
    </ClCompile>
    <ClCompile Include="src\potion.cpp">
      <Filter>src</Filter>
    </ClCompile>
    <ClCompile Include="src\fish.cpp">
      <Filter>src</Filter>
    </ClCompile>
    <ClCompile Include="src\gameserver.cpp">
      <Filter>src</Filter>
    </ClCompile>
    <ClCompile Include="src\magic.hpp">
      <Filter>headers</Filter>
    </ClCompile>
  </ItemGroup>
  <ItemGroup>
    <ClInclude Include="src\redisclient\config.h">
      <Filter>deps\redisclient</Filter>
    </ClInclude>
    <ClInclude Include="src\redisclient\redisasyncclient.h">
      <Filter>deps\redisclient</Filter>
    </ClInclude>
    <ClInclude Include="src\redisclient\redisbuffer.h">
      <Filter>deps\redisclient</Filter>
    </ClInclude>
    <ClInclude Include="src\redisclient\redisparser.h">
      <Filter>deps\redisclient</Filter>
    </ClInclude>
    <ClInclude Include="src\redisclient\redissyncclient.h">
      <Filter>deps\redisclient</Filter>
    </ClInclude>
    <ClInclude Include="src\redisclient\redisvalue.h">
      <Filter>deps\redisclient</Filter>
    </ClInclude>
    <ClInclude Include="src\redisclient\version.h">
      <Filter>deps\redisclient</Filter>
    </ClInclude>
    <ClInclude Include="src\redisclient\impl\redisclientimpl.h">
      <Filter>deps\redisclient\impl</Filter>
    </ClInclude>
    <ClInclude Include="src\net\socket.hpp">
      <Filter>deps\net</Filter>
    </ClInclude>
    <ClInclude Include="src\net\net_handler.hpp">
      <Filter>deps\net</Filter>
    </ClInclude>
    <ClInclude Include="src\net\netmessages.hpp">
      <Filter>deps\net</Filter>
    </ClInclude>
    <ClInclude Include="src\action_id.h">
      <Filter>headers</Filter>
    </ClInclude>
    <ClInclude Include="src\build_item.hpp">
      <Filter>headers</Filter>
    </ClInclude>
    <ClInclude Include="src\chat_handler.hpp">
      <Filter>headers</Filter>
    </ClInclude>
    <ClInclude Include="src\client.hpp">
      <Filter>headers</Filter>
    </ClInclude>
    <ClInclude Include="src\defines.hpp">
      <Filter>headers</Filter>
    </ClInclude>
    <ClInclude Include="src\delay_event.hpp">
      <Filter>headers</Filter>
    </ClInclude>
    <ClInclude Include="src\dropmanager.hpp">
      <Filter>headers</Filter>
    </ClInclude>
    <ClInclude Include="src\dynamic_object.hpp">
      <Filter>headers</Filter>
    </ClInclude>
    <ClInclude Include="src\fish.hpp">
      <Filter>headers</Filter>
    </ClInclude>
    <ClInclude Include="src\gserver.hpp">
      <Filter>headers</Filter>
    </ClInclude>
    <ClInclude Include="src\guild.hpp">
      <Filter>headers</Filter>
    </ClInclude>
    <ClInclude Include="src\inventory.hpp">
      <Filter>headers</Filter>
    </ClInclude>
    <ClInclude Include="src\inventory_mgr.hpp">
      <Filter>headers</Filter>
    </ClInclude>
    <ClInclude Include="src\itembag.hpp">
      <Filter>headers</Filter>
    </ClInclude>
    <ClInclude Include="src\item.hpp">
      <Filter>headers</Filter>
    </ClInclude>
    <ClInclude Include="src\utility.hpp">
      <Filter>headers</Filter>
    </ClInclude>
    <ClInclude Include="src\unit.hpp">
      <Filter>headers</Filter>
    </ClInclude>
    <ClInclude Include="src\teleport_loc.hpp">
      <Filter>headers</Filter>
    </ClInclude>
    <ClInclude Include="src\tile.hpp">
      <Filter>headers</Filter>
    </ClInclude>
    <ClInclude Include="src\structs.hpp">
      <Filter>headers</Filter>
    </ClInclude>
    <ClInclude Include="src\streams.hpp">
      <Filter>headers</Filter>
    </ClInclude>
    <ClInclude Include="src\strategic_point.hpp">
      <Filter>headers</Filter>
    </ClInclude>
    <ClInclude Include="src\skill.hpp">
      <Filter>headers</Filter>
    </ClInclude>
    <ClInclude Include="src\server.hpp">
      <Filter>headers</Filter>
    </ClInclude>
    <ClInclude Include="src\potion.hpp">
      <Filter>headers</Filter>
    </ClInclude>
    <ClInclude Include="src\party_mgr.hpp">
      <Filter>headers</Filter>
    </ClInclude>
    <ClInclude Include="src\party.hpp">
      <Filter>headers</Filter>
    </ClInclude>
    <ClInclude Include="src\occupy_flag.hpp">
      <Filter>headers</Filter>
    </ClInclude>
    <ClInclude Include="src\npc.hpp">
      <Filter>headers</Filter>
    </ClInclude>
    <ClInclude Include="src\mineral.hpp">
      <Filter>headers</Filter>
    </ClInclude>
    <ClInclude Include="src\map.hpp">
      <Filter>headers</Filter>
    </ClInclude>
    <ClInclude Include="src\lserver.hpp">
      <Filter>headers</Filter>
    </ClInclude>
  </ItemGroup>
  <ItemGroup>
    <Text Include="LICENSE" />
  </ItemGroup>
  <ItemGroup>
    <None Include="vcpkg.json" />
  </ItemGroup>
</Project>