<?xml version="1.0" encoding="UTF-8" standalone="yes" ?>
<CodeBlocks_project_file>
	<FileVersion major="1" minor="6" />
	<Project>
		<Option title="xtreme-server" />
		<Option pch_mode="2" />
		<Option compiler="gcc" />
		<Build>
			<Target title="Debug">
				<Option output="bin/Debug/xtreme-server" prefix_auto="1" extension_auto="1" />
				<Option object_output="obj/Debug/" />
				<Option type="1" />
				<Option compiler="gcc" />
				<Compiler>
					<Add option="-Wmain" />
					<Add option="-std=c++11" />
					<Add option="-Wfatal-errors" />
					<Add option="-g" />
				</Compiler>
			</Target>
			<Target title="Release">
				<Option output="bin/Release/xtreme-server" prefix_auto="1" extension_auto="1" />
				<Option object_output="obj/Release/" />
				<Option type="1" />
				<Option compiler="gcc" />
				<Compiler>
					<Add option="-O2" />
				</Compiler>
				<Linker>
					<Add option="-s" />
				</Linker>
			</Target>
		</Build>
		<Compiler>
			<Add option="-Wall" />
			<Add option="-fexceptions" />
			<Add directory="/home/zero/Downloads/boost_1_55_0/" />
		</Compiler>
		<Linker>
			<Add library="lua5.2" />
			<Add library="PocoData" />
			<Add library="PocoFoundation" />
			<Add library="PocoMySQL" />
			<Add library="PocoSQLite" />
			<Add library="boost_chrono" />
			<Add library="boost_date_time" />
			<Add library="boost_system" />
			<Add library="boost_thread" />
			<Add library="pthread" />
			<Add directory="/home/zero/Downloads/boost_1_55_0/stage/lib" />
		</Linker>
		<Unit filename="src/Client.cpp" />
		<Unit filename="src/Client.h" />
		<Unit filename="src/Item.cpp" />
		<Unit filename="src/Item.h" />
		<Unit filename="src/Items.h" />
		<Unit filename="src/Magic.cpp" />
		<Unit filename="src/Magic.h" />
		<Unit filename="src/Server.cpp" />
		<Unit filename="src/Server.h" />
		<Unit filename="src/TeleportLoc.h" />
		<Unit filename="src/Unit.cpp" />
		<Unit filename="src/Unit.h" />
		<Unit filename="src/common.h" />
		<Unit filename="src/connection.cpp" />
		<Unit filename="src/connection.h" />
		<Unit filename="src/funcs.cpp" />
		<Unit filename="src/funcs.h" />
		<Unit filename="src/main.cpp" />
		<Unit filename="src/maps.h" />
		<Unit filename="src/netmessages.h" />
		<Unit filename="src/request.h" />
		<Unit filename="src/request_handler.cpp" />
		<Unit filename="src/request_handler.h" />
		<Unit filename="src/streams.h" />
		<Unit filename="src/targetver.h" />
		<Extensions>
			<code_completion />
			<envvars />
			<debugger />
			<lib_finder disable_auto="1" />
		</Extensions>
	</Project>
</CodeBlocks_project_file>
