<?xml version="1.0" encoding="utf-8"?>
<Project ToolsVersion="4.0" xmlns="http://schemas.microsoft.com/developer/msbuild/2003">
  <ItemGroup>
    <Filter Include="Source Files">
      <UniqueIdentifier>{4FC737F1-C7A5-4376-A066-2A32D752A2FF}</UniqueIdentifier>
      <Extensions>cpp;c;cc;cxx;def;odl;idl;hpj;bat;asm;asmx</Extensions>
    </Filter>
    <Filter Include="Header Files">
      <UniqueIdentifier>{93995380-89BD-4b04-88EB-625FBE52EBFB}</UniqueIdentifier>
      <Extensions>h;hpp;hxx;hm;inl;inc;xsd</Extensions>
    </Filter>
    <Filter Include="Resource Files">
      <UniqueIdentifier>{67DA6AB6-F800-4c08-8B7A-83BB121AAD01}</UniqueIdentifier>
      <Extensions>rc;ico;cur;bmp;dlg;rc2;rct;bin;rgs;gif;jpg;jpeg;jpe;resx;tiff;tif;png;wav;mfcribbon-ms</Extensions>
    </Filter>
  </ItemGroup>
  <ItemGroup>
    <Text Include="ReadMe.txt" />
  </ItemGroup>
  <ItemGroup>
    <ClInclude Include="src\connection.h">
      <Filter>Header Files</Filter>
    </ClInclude>
    <ClInclude Include="src\funcs.h">
      <Filter>Header Files</Filter>
    </ClInclude>
    <ClInclude Include="src\Item.h">
      <Filter>Header Files</Filter>
    </ClInclude>
    <ClInclude Include="src\Items.h">
      <Filter>Header Files</Filter>
    </ClInclude>
    <ClInclude Include="src\Magic.h">
      <Filter>Header Files</Filter>
    </ClInclude>
    <ClInclude Include="src\maps.h">
      <Filter>Header Files</Filter>
    </ClInclude>
    <ClInclude Include="src\netmessages.h">
      <Filter>Header Files</Filter>
    </ClInclude>
    <ClInclude Include="src\request.h">
      <Filter>Header Files</Filter>
    </ClInclude>
    <ClInclude Include="src\request_handler.h">
      <Filter>Header Files</Filter>
    </ClInclude>
    <ClInclude Include="src\streams.h">
      <Filter>Header Files</Filter>
    </ClInclude>
    <ClInclude Include="src\targetver.h">
      <Filter>Header Files</Filter>
    </ClInclude>
    <ClInclude Include="src\TeleportLoc.h">
      <Filter>Header Files</Filter>
    </ClInclude>
    <ClInclude Include="src\Unit.h">
      <Filter>Header Files</Filter>
    </ClInclude>
    <ClInclude Include="src\Client.h">
      <Filter>Header Files</Filter>
    </ClInclude>
    <ClInclude Include="src\common.h">
      <Filter>Header Files</Filter>
    </ClInclude>
    <ClInclude Include="src\LServer.h">
      <Filter>Header Files</Filter>
    </ClInclude>
    <ClInclude Include="src\GServer.h">
      <Filter>Header Files</Filter>
    </ClInclude>
    <ClInclude Include="src\Server.h">
      <Filter>Header Files</Filter>
    </ClInclude>
    <ClInclude Include="src\Gate.h">
      <Filter>Header Files</Filter>
    </ClInclude>
    <ClInclude Include="src\Party.h">
      <Filter>Header Files</Filter>
    </ClInclude>
    <ClInclude Include="src\PartyMgr.h">
      <Filter>Header Files</Filter>
    </ClInclude>
    <ClInclude Include="src\Map.h">
      <Filter>Header Files</Filter>
    </ClInclude>
    <ClInclude Include="src\Tile.h">
      <Filter>Header Files</Filter>
    </ClInclude>
    <ClInclude Include="src\Npc.h">
      <Filter>Header Files</Filter>
    </ClInclude>
    <ClInclude Include="src\Inventory.h">
      <Filter>Header Files</Filter>
    </ClInclude>
    <ClInclude Include="src\InventoryMgr.h">
      <Filter>Header Files</Filter>
    </ClInclude>
    <ClInclude Include="src\Misc.h">
      <Filter>Header Files</Filter>
    </ClInclude>
    <ClInclude Include="src\Skill.h">
      <Filter>Header Files</Filter>
    </ClInclude>
    <ClInclude Include="src\ActionID.h">
      <Filter>Header Files</Filter>
    </ClInclude>
    <ClInclude Include="src\DelayEvent.h">
      <Filter>Header Files</Filter>
    </ClInclude>
    <ClInclude Include="src\chat_handler.h">
      <Filter>Header Files</Filter>
    </ClInclude>
  </ItemGroup>
  <ItemGroup>
    <ClCompile Include="src\Client.cpp">
      <Filter>Source Files</Filter>
    </ClCompile>
    <ClCompile Include="src\connection.cpp">
      <Filter>Source Files</Filter>
    </ClCompile>
    <ClCompile Include="src\funcs.cpp">
      <Filter>Source Files</Filter>
    </ClCompile>
    <ClCompile Include="src\Item.cpp">
      <Filter>Source Files</Filter>
    </ClCompile>
    <ClCompile Include="src\Magic.cpp">
      <Filter>Source Files</Filter>
    </ClCompile>
    <ClCompile Include="src\main.cpp">
      <Filter>Source Files</Filter>
    </ClCompile>
    <ClCompile Include="src\request_handler.cpp">
      <Filter>Source Files</Filter>
    </ClCompile>
    <ClCompile Include="src\Unit.cpp">
      <Filter>Source Files</Filter>
    </ClCompile>
    <ClCompile Include="src\LServer.cpp">
      <Filter>Source Files</Filter>
    </ClCompile>
    <ClCompile Include="src\GServer.cpp">
      <Filter>Source Files</Filter>
    </ClCompile>
    <ClCompile Include="src\Server.cpp">
      <Filter>Source Files</Filter>
    </ClCompile>
    <ClCompile Include="src\Gate.cpp">
      <Filter>Source Files</Filter>
    </ClCompile>
    <ClCompile Include="src\Party.cpp">
      <Filter>Source Files</Filter>
    </ClCompile>
    <ClCompile Include="src\PartyMgr.cpp">
      <Filter>Source Files</Filter>
    </ClCompile>
    <ClCompile Include="src\Tile.cpp">
      <Filter>Source Files</Filter>
    </ClCompile>
    <ClCompile Include="src\Map.cpp">
      <Filter>Source Files</Filter>
    </ClCompile>
    <ClCompile Include="src\Npc.cpp">
      <Filter>Source Files</Filter>
    </ClCompile>
    <ClCompile Include="src\Inventory.cpp">
      <Filter>Source Files</Filter>
    </ClCompile>
    <ClCompile Include="src\InventoryMgr.cpp">
      <Filter>Source Files</Filter>
    </ClCompile>
    <ClCompile Include="src\Misc.cpp">
      <Filter>Source Files</Filter>
    </ClCompile>
    <ClCompile Include="src\Skill.cpp">
      <Filter>Source Files</Filter>
    </ClCompile>
    <ClCompile Include="src\DelayEvent.cpp">
      <Filter>Source Files</Filter>
    </ClCompile>
    <ClCompile Include="src\chat_handler.cpp">
      <Filter>Source Files</Filter>
    </ClCompile>
  </ItemGroup>
</Project>